// !$*UTF8*$!
{
	archiveVersion = 1;
	classes = {
	};
	objectVersion = 56;
	objects = {

/* Begin PBXBuildFile section */
		D32C5FFB28E525AC00887119 /* Game.swift in Sources */ = {isa = PBXBuildFile; fileRef = D32C5FFA28E525AC00887119 /* Game.swift */; };
		D36B0DEA28E3BCC300D78DDC /* BullseyeApp.swift in Sources */ = {isa = PBXBuildFile; fileRef = D36B0DE928E3BCC300D78DDC /* BullseyeApp.swift */; };
		D36B0DEC28E3BCC300D78DDC /* ContentView.swift in Sources */ = {isa = PBXBuildFile; fileRef = D36B0DEB28E3BCC300D78DDC /* ContentView.swift */; };
		D36B0DEE28E3BCC600D78DDC /* Assets.xcassets in Resources */ = {isa = PBXBuildFile; fileRef = D36B0DED28E3BCC600D78DDC /* Assets.xcassets */; };
		D36B0DF128E3BCC600D78DDC /* Preview Assets.xcassets in Resources */ = {isa = PBXBuildFile; fileRef = D36B0DF028E3BCC600D78DDC /* Preview Assets.xcassets */; };
		D36B0DFB28E3BCC600D78DDC /* BullseyeTests.swift in Sources */ = {isa = PBXBuildFile; fileRef = D36B0DFA28E3BCC600D78DDC /* BullseyeTests.swift */; };
		D36B0E0528E3BCC600D78DDC /* BullseyeUITests.swift in Sources */ = {isa = PBXBuildFile; fileRef = D36B0E0428E3BCC600D78DDC /* BullseyeUITests.swift */; };
		D36B0E0728E3BCC600D78DDC /* BullseyeUITestsLaunchTests.swift in Sources */ = {isa = PBXBuildFile; fileRef = D36B0E0628E3BCC600D78DDC /* BullseyeUITestsLaunchTests.swift */; };
		D3748A0C28F4EDC600E36078 /* PointsView.swift in Sources */ = {isa = PBXBuildFile; fileRef = D3748A0B28F4EDC600E36078 /* PointsView.swift */; };
		D39AF81E28EB199A00E889CA /* TextViews.swift in Sources */ = {isa = PBXBuildFile; fileRef = D39AF81D28EB199A00E889CA /* TextViews.swift */; };
		D3EDED5028EE1B8500D58D1E /* RoundViews.swift in Sources */ = {isa = PBXBuildFile; fileRef = D3EDED4F28EE1B8500D58D1E /* RoundViews.swift */; };
		D3EDED5228EE363100D58D1E /* BackgroundView.swift in Sources */ = {isa = PBXBuildFile; fileRef = D3EDED5128EE363100D58D1E /* BackgroundView.swift */; };
/* End PBXBuildFile section */

/* Begin PBXContainerItemProxy section */
		D36B0DF728E3BCC600D78DDC /* PBXContainerItemProxy */ = {
			isa = PBXContainerItemProxy;
			containerPortal = D36B0DDE28E3BCC300D78DDC /* Project object */;
			proxyType = 1;
			remoteGlobalIDString = D36B0DE528E3BCC300D78DDC;
			remoteInfo = Bullseye;
		};
		D36B0E0128E3BCC600D78DDC /* PBXContainerItemProxy */ = {
			isa = PBXContainerItemProxy;
			containerPortal = D36B0DDE28E3BCC300D78DDC /* Project object */;
			proxyType = 1;
			remoteGlobalIDString = D36B0DE528E3BCC300D78DDC;
			remoteInfo = Bullseye;
		};
/* End PBXContainerItemProxy section */

/* Begin PBXFileReference section */
		D32C5FFA28E525AC00887119 /* Game.swift */ = {isa = PBXFileReference; lastKnownFileType = sourcecode.swift; path = Game.swift; sourceTree = "<group>"; };
		D36B0DE628E3BCC300D78DDC /* Bullseye.app */ = {isa = PBXFileReference; explicitFileType = wrapper.application; includeInIndex = 0; path = Bullseye.app; sourceTree = BUILT_PRODUCTS_DIR; };
		D36B0DE928E3BCC300D78DDC /* BullseyeApp.swift */ = {isa = PBXFileReference; lastKnownFileType = sourcecode.swift; path = BullseyeApp.swift; sourceTree = "<group>"; };
		D36B0DEB28E3BCC300D78DDC /* ContentView.swift */ = {isa = PBXFileReference; lastKnownFileType = sourcecode.swift; path = ContentView.swift; sourceTree = "<group>"; };
		D36B0DED28E3BCC600D78DDC /* Assets.xcassets */ = {isa = PBXFileReference; lastKnownFileType = folder.assetcatalog; path = Assets.xcassets; sourceTree = "<group>"; };
		D36B0DF028E3BCC600D78DDC /* Preview Assets.xcassets */ = {isa = PBXFileReference; lastKnownFileType = folder.assetcatalog; path = "Preview Assets.xcassets"; sourceTree = "<group>"; };
		D36B0DF628E3BCC600D78DDC /* BullseyeTests.xctest */ = {isa = PBXFileReference; explicitFileType = wrapper.cfbundle; includeInIndex = 0; path = BullseyeTests.xctest; sourceTree = BUILT_PRODUCTS_DIR; };
		D36B0DFA28E3BCC600D78DDC /* BullseyeTests.swift */ = {isa = PBXFileReference; lastKnownFileType = sourcecode.swift; path = BullseyeTests.swift; sourceTree = "<group>"; };
		D36B0E0028E3BCC600D78DDC /* BullseyeUITests.xctest */ = {isa = PBXFileReference; explicitFileType = wrapper.cfbundle; includeInIndex = 0; path = BullseyeUITests.xctest; sourceTree = BUILT_PRODUCTS_DIR; };
		D36B0E0428E3BCC600D78DDC /* BullseyeUITests.swift */ = {isa = PBXFileReference; lastKnownFileType = sourcecode.swift; path = BullseyeUITests.swift; sourceTree = "<group>"; };
		D36B0E0628E3BCC600D78DDC /* BullseyeUITestsLaunchTests.swift */ = {isa = PBXFileReference; lastKnownFileType = sourcecode.swift; path = BullseyeUITestsLaunchTests.swift; sourceTree = "<group>"; };
		D3748A0B28F4EDC600E36078 /* PointsView.swift */ = {isa = PBXFileReference; lastKnownFileType = sourcecode.swift; path = PointsView.swift; sourceTree = "<group>"; };
		D39AF81D28EB199A00E889CA /* TextViews.swift */ = {isa = PBXFileReference; lastKnownFileType = sourcecode.swift; path = TextViews.swift; sourceTree = "<group>"; };
		D3EDED4F28EE1B8500D58D1E /* RoundViews.swift */ = {isa = PBXFileReference; lastKnownFileType = sourcecode.swift; path = RoundViews.swift; sourceTree = "<group>"; };
		D3EDED5128EE363100D58D1E /* BackgroundView.swift */ = {isa = PBXFileReference; lastKnownFileType = sourcecode.swift; path = BackgroundView.swift; sourceTree = "<group>"; };
/* End PBXFileReference section */

/* Begin PBXFrameworksBuildPhase section */
		D36B0DE328E3BCC300D78DDC /* Frameworks */ = {
			isa = PBXFrameworksBuildPhase;
			buildActionMask = 2147483647;
			files = (
			);
			runOnlyForDeploymentPostprocessing = 0;
		};
		D36B0DF328E3BCC600D78DDC /* Frameworks */ = {
			isa = PBXFrameworksBuildPhase;
			buildActionMask = 2147483647;
			files = (
			);
			runOnlyForDeploymentPostprocessing = 0;
		};
		D36B0DFD28E3BCC600D78DDC /* Frameworks */ = {
			isa = PBXFrameworksBuildPhase;
			buildActionMask = 2147483647;
			files = (
			);
			runOnlyForDeploymentPostprocessing = 0;
		};
/* End PBXFrameworksBuildPhase section */

/* Begin PBXGroup section */
		D32C5FF728E5244500887119 /* App */ = {
			isa = PBXGroup;
			children = (
				D36B0DE928E3BCC300D78DDC /* BullseyeApp.swift */,
				D36B0DED28E3BCC600D78DDC /* Assets.xcassets */,
			);
			path = App;
			sourceTree = "<group>";
		};
		D32C5FF828E5244D00887119 /* Views */ = {
			isa = PBXGroup;
			children = (
				D36B0DEB28E3BCC300D78DDC /* ContentView.swift */,
				D39AF81D28EB199A00E889CA /* TextViews.swift */,
				D3EDED4F28EE1B8500D58D1E /* RoundViews.swift */,
				D3EDED5128EE363100D58D1E /* BackgroundView.swift */,
				D3748A0B28F4EDC600E36078 /* PointsView.swift */,
			);
			path = Views;
			sourceTree = "<group>";
		};
		D32C5FF928E5253300887119 /* Models */ = {
			isa = PBXGroup;
			children = (
				D32C5FFA28E525AC00887119 /* Game.swift */,
			);
			path = Models;
			sourceTree = "<group>";
		};
		D36B0DDD28E3BCC300D78DDC = {
			isa = PBXGroup;
			children = (
				D36B0DE828E3BCC300D78DDC /* Bullseye */,
				D36B0DF928E3BCC600D78DDC /* BullseyeTests */,
				D36B0E0328E3BCC600D78DDC /* BullseyeUITests */,
				D36B0DE728E3BCC300D78DDC /* Products */,
			);
			sourceTree = "<group>";
		};
		D36B0DE728E3BCC300D78DDC /* Products */ = {
			isa = PBXGroup;
			children = (
				D36B0DE628E3BCC300D78DDC /* Bullseye.app */,
				D36B0DF628E3BCC600D78DDC /* BullseyeTests.xctest */,
				D36B0E0028E3BCC600D78DDC /* BullseyeUITests.xctest */,
			);
			name = Products;
			sourceTree = "<group>";
		};
		D36B0DE828E3BCC300D78DDC /* Bullseye */ = {
			isa = PBXGroup;
			children = (
				D32C5FF928E5253300887119 /* Models */,
				D32C5FF828E5244D00887119 /* Views */,
				D32C5FF728E5244500887119 /* App */,
				D36B0DEF28E3BCC600D78DDC /* Preview Content */,
			);
			path = Bullseye;
			sourceTree = "<group>";
		};
		D36B0DEF28E3BCC600D78DDC /* Preview Content */ = {
			isa = PBXGroup;
			children = (
				D36B0DF028E3BCC600D78DDC /* Preview Assets.xcassets */,
			);
			path = "Preview Content";
			sourceTree = "<group>";
		};
		D36B0DF928E3BCC600D78DDC /* BullseyeTests */ = {
			isa = PBXGroup;
			children = (
				D36B0DFA28E3BCC600D78DDC /* BullseyeTests.swift */,
			);
			path = BullseyeTests;
			sourceTree = "<group>";
		};
		D36B0E0328E3BCC600D78DDC /* BullseyeUITests */ = {
			isa = PBXGroup;
			children = (
				D36B0E0428E3BCC600D78DDC /* BullseyeUITests.swift */,
				D36B0E0628E3BCC600D78DDC /* BullseyeUITestsLaunchTests.swift */,
			);
			path = BullseyeUITests;
			sourceTree = "<group>";
		};
/* End PBXGroup section */

/* Begin PBXNativeTarget section */
		D36B0DE528E3BCC300D78DDC /* Bullseye */ = {
			isa = PBXNativeTarget;
			buildConfigurationList = D36B0E0A28E3BCC600D78DDC /* Build configuration list for PBXNativeTarget "Bullseye" */;
			buildPhases = (
				D36B0DE228E3BCC300D78DDC /* Sources */,
				D36B0DE328E3BCC300D78DDC /* Frameworks */,
				D36B0DE428E3BCC300D78DDC /* Resources */,
			);
			buildRules = (
			);
			dependencies = (
			);
			name = Bullseye;
			productName = Bullseye;
			productReference = D36B0DE628E3BCC300D78DDC /* Bullseye.app */;
			productType = "com.apple.product-type.application";
		};
		D36B0DF528E3BCC600D78DDC /* BullseyeTests */ = {
			isa = PBXNativeTarget;
			buildConfigurationList = D36B0E0D28E3BCC600D78DDC /* Build configuration list for PBXNativeTarget "BullseyeTests" */;
			buildPhases = (
				D36B0DF228E3BCC600D78DDC /* Sources */,
				D36B0DF328E3BCC600D78DDC /* Frameworks */,
				D36B0DF428E3BCC600D78DDC /* Resources */,
			);
			buildRules = (
			);
			dependencies = (
				D36B0DF828E3BCC600D78DDC /* PBXTargetDependency */,
			);
			name = BullseyeTests;
			productName = BullseyeTests;
			productReference = D36B0DF628E3BCC600D78DDC /* BullseyeTests.xctest */;
			productType = "com.apple.product-type.bundle.unit-test";
		};
		D36B0DFF28E3BCC600D78DDC /* BullseyeUITests */ = {
			isa = PBXNativeTarget;
			buildConfigurationList = D36B0E1028E3BCC600D78DDC /* Build configuration list for PBXNativeTarget "BullseyeUITests" */;
			buildPhases = (
				D36B0DFC28E3BCC600D78DDC /* Sources */,
				D36B0DFD28E3BCC600D78DDC /* Frameworks */,
				D36B0DFE28E3BCC600D78DDC /* Resources */,
			);
			buildRules = (
			);
			dependencies = (
				D36B0E0228E3BCC600D78DDC /* PBXTargetDependency */,
			);
			name = BullseyeUITests;
			productName = BullseyeUITests;
			productReference = D36B0E0028E3BCC600D78DDC /* BullseyeUITests.xctest */;
			productType = "com.apple.product-type.bundle.ui-testing";
		};
/* End PBXNativeTarget section */

/* Begin PBXProject section */
		D36B0DDE28E3BCC300D78DDC /* Project object */ = {
			isa = PBXProject;
			attributes = {
				BuildIndependentTargetsInParallel = 1;
				LastSwiftUpdateCheck = 1400;
				LastUpgradeCheck = 1400;
				TargetAttributes = {
					D36B0DE528E3BCC300D78DDC = {
						CreatedOnToolsVersion = 14.0;
					};
					D36B0DF528E3BCC600D78DDC = {
						CreatedOnToolsVersion = 14.0;
						TestTargetID = D36B0DE528E3BCC300D78DDC;
					};
					D36B0DFF28E3BCC600D78DDC = {
						CreatedOnToolsVersion = 14.0;
						TestTargetID = D36B0DE528E3BCC300D78DDC;
					};
				};
			};
			buildConfigurationList = D36B0DE128E3BCC300D78DDC /* Build configuration list for PBXProject "Bullseye" */;
			compatibilityVersion = "Xcode 14.0";
			developmentRegion = en;
			hasScannedForEncodings = 0;
			knownRegions = (
				en,
				Base,
			);
			mainGroup = D36B0DDD28E3BCC300D78DDC;
			productRefGroup = D36B0DE728E3BCC300D78DDC /* Products */;
			projectDirPath = "";
			projectRoot = "";
			targets = (
				D36B0DE528E3BCC300D78DDC /* Bullseye */,
				D36B0DF528E3BCC600D78DDC /* BullseyeTests */,
				D36B0DFF28E3BCC600D78DDC /* BullseyeUITests */,
			);
		};
/* End PBXProject section */

/* Begin PBXResourcesBuildPhase section */
		D36B0DE428E3BCC300D78DDC /* Resources */ = {
			isa = PBXResourcesBuildPhase;
			buildActionMask = 2147483647;
			files = (
				D36B0DF128E3BCC600D78DDC /* Preview Assets.xcassets in Resources */,
				D36B0DEE28E3BCC600D78DDC /* Assets.xcassets in Resources */,
			);
			runOnlyForDeploymentPostprocessing = 0;
		};
		D36B0DF428E3BCC600D78DDC /* Resources */ = {
			isa = PBXResourcesBuildPhase;
			buildActionMask = 2147483647;
			files = (
			);
			runOnlyForDeploymentPostprocessing = 0;
		};
		D36B0DFE28E3BCC600D78DDC /* Resources */ = {
			isa = PBXResourcesBuildPhase;
			buildActionMask = 2147483647;
			files = (
			);
			runOnlyForDeploymentPostprocessing = 0;
		};
/* End PBXResourcesBuildPhase section */

/* Begin PBXSourcesBuildPhase section */
		D36B0DE228E3BCC300D78DDC /* Sources */ = {
			isa = PBXSourcesBuildPhase;
			buildActionMask = 2147483647;
			files = (
				D3EDED5228EE363100D58D1E /* BackgroundView.swift in Sources */,
				D3EDED5028EE1B8500D58D1E /* RoundViews.swift in Sources */,
				D36B0DEC28E3BCC300D78DDC /* ContentView.swift in Sources */,
				D39AF81E28EB199A00E889CA /* TextViews.swift in Sources */,
				D3748A0C28F4EDC600E36078 /* PointsView.swift in Sources */,
				D32C5FFB28E525AC00887119 /* Game.swift in Sources */,
				D36B0DEA28E3BCC300D78DDC /* BullseyeApp.swift in Sources */,
			);
			runOnlyForDeploymentPostprocessing = 0;
		};
		D36B0DF228E3BCC600D78DDC /* Sources */ = {
			isa = PBXSourcesBuildPhase;
			buildActionMask = 2147483647;
			files = (
				D36B0DFB28E3BCC600D78DDC /* BullseyeTests.swift in Sources */,
			);
			runOnlyForDeploymentPostprocessing = 0;
		};
		D36B0DFC28E3BCC600D78DDC /* Sources */ = {
			isa = PBXSourcesBuildPhase;
			buildActionMask = 2147483647;
			files = (
				D36B0E0728E3BCC600D78DDC /* BullseyeUITestsLaunchTests.swift in Sources */,
				D36B0E0528E3BCC600D78DDC /* BullseyeUITests.swift in Sources */,
			);
			runOnlyForDeploymentPostprocessing = 0;
		};
/* End PBXSourcesBuildPhase section */

/* Begin PBXTargetDependency section */
		D36B0DF828E3BCC600D78DDC /* PBXTargetDependency */ = {
			isa = PBXTargetDependency;
			target = D36B0DE528E3BCC300D78DDC /* Bullseye */;
			targetProxy = D36B0DF728E3BCC600D78DDC /* PBXContainerItemProxy */;
		};
		D36B0E0228E3BCC600D78DDC /* PBXTargetDependency */ = {
			isa = PBXTargetDependency;
			target = D36B0DE528E3BCC300D78DDC /* Bullseye */;
			targetProxy = D36B0E0128E3BCC600D78DDC /* PBXContainerItemProxy */;
		};
/* End PBXTargetDependency section */

/* Begin XCBuildConfiguration section */
		D36B0E0828E3BCC600D78DDC /* Debug */ = {
			isa = XCBuildConfiguration;
			buildSettings = {
				ALWAYS_SEARCH_USER_PATHS = NO;
				CLANG_ANALYZER_NONNULL = YES;
				CLANG_ANALYZER_NUMBER_OBJECT_CONVERSION = YES_AGGRESSIVE;
				CLANG_CXX_LANGUAGE_STANDARD = "gnu++20";
				CLANG_ENABLE_MODULES = YES;
				CLANG_ENABLE_OBJC_ARC = YES;
				CLANG_ENABLE_OBJC_WEAK = YES;
				CLANG_WARN_BLOCK_CAPTURE_AUTORELEASING = YES;
				CLANG_WARN_BOOL_CONVERSION = YES;
				CLANG_WARN_COMMA = YES;
				CLANG_WARN_CONSTANT_CONVERSION = YES;
				CLANG_WARN_DEPRECATED_OBJC_IMPLEMENTATIONS = YES;
				CLANG_WARN_DIRECT_OBJC_ISA_USAGE = YES_ERROR;
				CLANG_WARN_DOCUMENTATION_COMMENTS = YES;
				CLANG_WARN_EMPTY_BODY = YES;
				CLANG_WARN_ENUM_CONVERSION = YES;
				CLANG_WARN_INFINITE_RECURSION = YES;
				CLANG_WARN_INT_CONVERSION = YES;
				CLANG_WARN_NON_LITERAL_NULL_CONVERSION = YES;
				CLANG_WARN_OBJC_IMPLICIT_RETAIN_SELF = YES;
				CLANG_WARN_OBJC_LITERAL_CONVERSION = YES;
				CLANG_WARN_OBJC_ROOT_CLASS = YES_ERROR;
				CLANG_WARN_QUOTED_INCLUDE_IN_FRAMEWORK_HEADER = YES;
				CLANG_WARN_RANGE_LOOP_ANALYSIS = YES;
				CLANG_WARN_STRICT_PROTOTYPES = YES;
				CLANG_WARN_SUSPICIOUS_MOVE = YES;
				CLANG_WARN_UNGUARDED_AVAILABILITY = YES_AGGRESSIVE;
				CLANG_WARN_UNREACHABLE_CODE = YES;
				CLANG_WARN__DUPLICATE_METHOD_MATCH = YES;
				COPY_PHASE_STRIP = NO;
				DEBUG_INFORMATION_FORMAT = dwarf;
				ENABLE_STRICT_OBJC_MSGSEND = YES;
				ENABLE_TESTABILITY = YES;
				GCC_C_LANGUAGE_STANDARD = gnu11;
				GCC_DYNAMIC_NO_PIC = NO;
				GCC_NO_COMMON_BLOCKS = YES;
				GCC_OPTIMIZATION_LEVEL = 0;
				GCC_PREPROCESSOR_DEFINITIONS = (
					"DEBUG=1",
					"$(inherited)",
				);
				GCC_WARN_64_TO_32_BIT_CONVERSION = YES;
				GCC_WARN_ABOUT_RETURN_TYPE = YES_ERROR;
				GCC_WARN_UNDECLARED_SELECTOR = YES;
				GCC_WARN_UNINITIALIZED_AUTOS = YES_AGGRESSIVE;
				GCC_WARN_UNUSED_FUNCTION = YES;
				GCC_WARN_UNUSED_VARIABLE = YES;
				IPHONEOS_DEPLOYMENT_TARGET = 16.0;
				MTL_ENABLE_DEBUG_INFO = INCLUDE_SOURCE;
				MTL_FAST_MATH = YES;
				ONLY_ACTIVE_ARCH = YES;
				SDKROOT = iphoneos;
				SWIFT_ACTIVE_COMPILATION_CONDITIONS = DEBUG;
				SWIFT_OPTIMIZATION_LEVEL = "-Onone";
			};
			name = Debug;
		};
		D36B0E0928E3BCC600D78DDC /* Release */ = {
			isa = XCBuildConfiguration;
			buildSettings = {
				ALWAYS_SEARCH_USER_PATHS = NO;
				CLANG_ANALYZER_NONNULL = YES;
				CLANG_ANALYZER_NUMBER_OBJECT_CONVERSION = YES_AGGRESSIVE;
				CLANG_CXX_LANGUAGE_STANDARD = "gnu++20";
				CLANG_ENABLE_MODULES = YES;
				CLANG_ENABLE_OBJC_ARC = YES;
				CLANG_ENABLE_OBJC_WEAK = YES;
				CLANG_WARN_BLOCK_CAPTURE_AUTORELEASING = YES;
				CLANG_WARN_BOOL_CONVERSION = YES;
				CLANG_WARN_COMMA = YES;
				CLANG_WARN_CONSTANT_CONVERSION = YES;
				CLANG_WARN_DEPRECATED_OBJC_IMPLEMENTATIONS = YES;
				CLANG_WARN_DIRECT_OBJC_ISA_USAGE = YES_ERROR;
				CLANG_WARN_DOCUMENTATION_COMMENTS = YES;
				CLANG_WARN_EMPTY_BODY = YES;
				CLANG_WARN_ENUM_CONVERSION = YES;
				CLANG_WARN_INFINITE_RECURSION = YES;
				CLANG_WARN_INT_CONVERSION = YES;
				CLANG_WARN_NON_LITERAL_NULL_CONVERSION = YES;
				CLANG_WARN_OBJC_IMPLICIT_RETAIN_SELF = YES;
				CLANG_WARN_OBJC_LITERAL_CONVERSION = YES;
				CLANG_WARN_OBJC_ROOT_CLASS = YES_ERROR;
				CLANG_WARN_QUOTED_INCLUDE_IN_FRAMEWORK_HEADER = YES;
				CLANG_WARN_RANGE_LOOP_ANALYSIS = YES;
				CLANG_WARN_STRICT_PROTOTYPES = YES;
				CLANG_WARN_SUSPICIOUS_MOVE = YES;
				CLANG_WARN_UNGUARDED_AVAILABILITY = YES_AGGRESSIVE;
				CLANG_WARN_UNREACHABLE_CODE = YES;
				CLANG_WARN__DUPLICATE_METHOD_MATCH = YES;
				COPY_PHASE_STRIP = NO;
				DEBUG_INFORMATION_FORMAT = "dwarf-with-dsym";
				ENABLE_NS_ASSERTIONS = NO;
				ENABLE_STRICT_OBJC_MSGSEND = YES;
				GCC_C_LANGUAGE_STANDARD = gnu11;
				GCC_NO_COMMON_BLOCKS = YES;
				GCC_WARN_64_TO_32_BIT_CONVERSION = YES;
				GCC_WARN_ABOUT_RETURN_TYPE = YES_ERROR;
				GCC_WARN_UNDECLARED_SELECTOR = YES;
				GCC_WARN_UNINITIALIZED_AUTOS = YES_AGGRESSIVE;
				GCC_WARN_UNUSED_FUNCTION = YES;
				GCC_WARN_UNUSED_VARIABLE = YES;
				IPHONEOS_DEPLOYMENT_TARGET = 16.0;
				MTL_ENABLE_DEBUG_INFO = NO;
				MTL_FAST_MATH = YES;
				SDKROOT = iphoneos;
				SWIFT_COMPILATION_MODE = wholemodule;
				SWIFT_OPTIMIZATION_LEVEL = "-O";
				VALIDATE_PRODUCT = YES;
			};
			name = Release;
		};
		D36B0E0B28E3BCC600D78DDC /* Debug */ = {
			isa = XCBuildConfiguration;
			buildSettings = {
				ASSETCATALOG_COMPILER_APPICON_NAME = AppIcon;
				ASSETCATALOG_COMPILER_GLOBAL_ACCENT_COLOR_NAME = AccentColor;
				CODE_SIGN_STYLE = Automatic;
				CURRENT_PROJECT_VERSION = 1;
				DEVELOPMENT_ASSET_PATHS = "\"Bullseye/Preview Content\"";
				ENABLE_PREVIEWS = YES;
				GENERATE_INFOPLIST_FILE = YES;
				INFOPLIST_KEY_UIApplicationSceneManifest_Generation = YES;
				INFOPLIST_KEY_UIApplicationSupportsIndirectInputEvents = YES;
				INFOPLIST_KEY_UILaunchScreen_Generation = YES;
				INFOPLIST_KEY_UISupportedInterfaceOrientations_iPad = "UIInterfaceOrientationPortrait UIInterfaceOrientationPortraitUpsideDown UIInterfaceOrientationLandscapeLeft UIInterfaceOrientationLandscapeRight";
				INFOPLIST_KEY_UISupportedInterfaceOrientations_iPhone = "UIInterfaceOrientationPortrait UIInterfaceOrientationLandscapeLeft UIInterfaceOrientationLandscapeRight";
				LD_RUNPATH_SEARCH_PATHS = (
					"$(inherited)",
					"@executable_path/Frameworks",
				);
				MARKETING_VERSION = 1.0;
				PRODUCT_BUNDLE_IDENTIFIER = com.reujoyamissah.Bullseye;
				PRODUCT_NAME = "$(TARGET_NAME)";
				SWIFT_EMIT_LOC_STRINGS = YES;
				SWIFT_VERSION = 5.0;
				TARGETED_DEVICE_FAMILY = "1,2";
			};
			name = Debug;
		};
		D36B0E0C28E3BCC600D78DDC /* Release */ = {
			isa = XCBuildConfiguration;
			buildSettings = {
				ASSETCATALOG_COMPILER_APPICON_NAME = AppIcon;
				ASSETCATALOG_COMPILER_GLOBAL_ACCENT_COLOR_NAME = AccentColor;
				CODE_SIGN_STYLE = Automatic;
				CURRENT_PROJECT_VERSION = 1;
				DEVELOPMENT_ASSET_PATHS = "\"Bullseye/Preview Content\"";
				ENABLE_PREVIEWS = YES;
				GENERATE_INFOPLIST_FILE = YES;
				INFOPLIST_KEY_UIApplicationSceneManifest_Generation = YES;
				INFOPLIST_KEY_UIApplicationSupportsIndirectInputEvents = YES;
				INFOPLIST_KEY_UILaunchScreen_Generation = YES;
				INFOPLIST_KEY_UISupportedInterfaceOrientations_iPad = "UIInterfaceOrientationPortrait UIInterfaceOrientationPortraitUpsideDown UIInterfaceOrientationLandscapeLeft UIInterfaceOrientationLandscapeRight";
				INFOPLIST_KEY_UISupportedInterfaceOrientations_iPhone = "UIInterfaceOrientationPortrait UIInterfaceOrientationLandscapeLeft UIInterfaceOrientationLandscapeRight";
				LD_RUNPATH_SEARCH_PATHS = (
					"$(inherited)",
					"@executable_path/Frameworks",
				);
				MARKETING_VERSION = 1.0;
				PRODUCT_BUNDLE_IDENTIFIER = com.reujoyamissah.Bullseye;
				PRODUCT_NAME = "$(TARGET_NAME)";
				SWIFT_EMIT_LOC_STRINGS = YES;
				SWIFT_VERSION = 5.0;
				TARGETED_DEVICE_FAMILY = "1,2";
			};
			name = Release;
		};
		D36B0E0E28E3BCC600D78DDC /* Debug */ = {
			isa = XCBuildConfiguration;
			buildSettings = {
				ALWAYS_EMBED_SWIFT_STANDARD_LIBRARIES = YES;
				BUNDLE_LOADER = "$(TEST_HOST)";
				CODE_SIGN_STYLE = Automatic;
				CURRENT_PROJECT_VERSION = 1;
				GENERATE_INFOPLIST_FILE = YES;
				IPHONEOS_DEPLOYMENT_TARGET = 16.0;
				MARKETING_VERSION = 1.0;
				PRODUCT_BUNDLE_IDENTIFIER = com.reujoyamissah.BullseyeTests;
				PRODUCT_NAME = "$(TARGET_NAME)";
				SWIFT_EMIT_LOC_STRINGS = NO;
				SWIFT_VERSION = 5.0;
				TARGETED_DEVICE_FAMILY = "1,2";
				TEST_HOST = "$(BUILT_PRODUCTS_DIR)/Bullseye.app/$(BUNDLE_EXECUTABLE_FOLDER_PATH)/Bullseye";
			};
			name = Debug;
		};
		D36B0E0F28E3BCC600D78DDC /* Release */ = {
			isa = XCBuildConfiguration;
			buildSettings = {
				ALWAYS_EMBED_SWIFT_STANDARD_LIBRARIES = YES;
				BUNDLE_LOADER = "$(TEST_HOST)";
				CODE_SIGN_STYLE = Automatic;
				CURRENT_PROJECT_VERSION = 1;
				GENERATE_INFOPLIST_FILE = YES;
				IPHONEOS_DEPLOYMENT_TARGET = 16.0;
				MARKETING_VERSION = 1.0;
				PRODUCT_BUNDLE_IDENTIFIER = com.reujoyamissah.BullseyeTests;
				PRODUCT_NAME = "$(TARGET_NAME)";
				SWIFT_EMIT_LOC_STRINGS = NO;
				SWIFT_VERSION = 5.0;
				TARGETED_DEVICE_FAMILY = "1,2";
				TEST_HOST = "$(BUILT_PRODUCTS_DIR)/Bullseye.app/$(BUNDLE_EXECUTABLE_FOLDER_PATH)/Bullseye";
			};
			name = Release;
		};
		D36B0E1128E3BCC600D78DDC /* Debug */ = {
			isa = XCBuildConfiguration;
			buildSettings = {
				ALWAYS_EMBED_SWIFT_STANDARD_LIBRARIES = YES;
				CODE_SIGN_STYLE = Automatic;
				CURRENT_PROJECT_VERSION = 1;
				GENERATE_INFOPLIST_FILE = YES;
				MARKETING_VERSION = 1.0;
				PRODUCT_BUNDLE_IDENTIFIER = com.reujoyamissah.BullseyeUITests;
				PRODUCT_NAME = "$(TARGET_NAME)";
				SWIFT_EMIT_LOC_STRINGS = NO;
				SWIFT_VERSION = 5.0;
				TARGETED_DEVICE_FAMILY = "1,2";
				TEST_TARGET_NAME = Bullseye;
			};
			name = Debug;
		};
		D36B0E1228E3BCC600D78DDC /* Release */ = {
			isa = XCBuildConfiguration;
			buildSettings = {
				ALWAYS_EMBED_SWIFT_STANDARD_LIBRARIES = YES;
				CODE_SIGN_STYLE = Automatic;
				CURRENT_PROJECT_VERSION = 1;
				GENERATE_INFOPLIST_FILE = YES;
				MARKETING_VERSION = 1.0;
				PRODUCT_BUNDLE_IDENTIFIER = com.reujoyamissah.BullseyeUITests;
				PRODUCT_NAME = "$(TARGET_NAME)";
				SWIFT_EMIT_LOC_STRINGS = NO;
				SWIFT_VERSION = 5.0;
				TARGETED_DEVICE_FAMILY = "1,2";
				TEST_TARGET_NAME = Bullseye;
			};
			name = Release;
		};
/* End XCBuildConfiguration section */

/* Begin XCConfigurationList section */
		D36B0DE128E3BCC300D78DDC /* Build configuration list for PBXProject "Bullseye" */ = {
			isa = XCConfigurationList;
			buildConfigurations = (
				D36B0E0828E3BCC600D78DDC /* Debug */,
				D36B0E0928E3BCC600D78DDC /* Release */,
			);
			defaultConfigurationIsVisible = 0;
			defaultConfigurationName = Release;
		};
		D36B0E0A28E3BCC600D78DDC /* Build configuration list for PBXNativeTarget "Bullseye" */ = {
			isa = XCConfigurationList;
			buildConfigurations = (
				D36B0E0B28E3BCC600D78DDC /* Debug */,
				D36B0E0C28E3BCC600D78DDC /* Release */,
			);
			defaultConfigurationIsVisible = 0;
			defaultConfigurationName = Release;
		};
		D36B0E0D28E3BCC600D78DDC /* Build configuration list for PBXNativeTarget "BullseyeTests" */ = {
			isa = XCConfigurationList;
			buildConfigurations = (
				D36B0E0E28E3BCC600D78DDC /* Debug */,
				D36B0E0F28E3BCC600D78DDC /* Release */,
			);
			defaultConfigurationIsVisible = 0;
			defaultConfigurationName = Release;
		};
		D36B0E1028E3BCC600D78DDC /* Build configuration list for PBXNativeTarget "BullseyeUITests" */ = {
			isa = XCConfigurationList;
			buildConfigurations = (
				D36B0E1128E3BCC600D78DDC /* Debug */,
				D36B0E1228E3BCC600D78DDC /* Release */,
			);
			defaultConfigurationIsVisible = 0;
			defaultConfigurationName = Release;
		};
/* End XCConfigurationList section */
	};
	rootObject = D36B0DDE28E3BCC300D78DDC /* Project object */;
}
